
Microsoft Visual Studio Solution File, Format Version 12.00
# Visual Studio Version 16
VisualStudioVersion = 16.0.31129.286
MinimumVisualStudioVersion = 10.0.40219.1
Project("{FAE04EC0-301F-11D3-BF4B-00C04F79EFBC}") = "DesignPatterns", "DesignPatterns\DesignPatterns.csproj", "{176DCF05-7420-4FEC-9089-4EB52FCAC5ED}"
EndProject
Project("{9A19103F-16F7-4668-BE54-9A1E7A4F7556}") = "SimpleFactoryPattarn", "SimpleFactoryPattarn\SimpleFactoryPattarn.csproj", "{7AC8E889-AED6-4B1F-BB6C-9CE46CDD8B8F}"
EndProject
Project("{9A19103F-16F7-4668-BE54-9A1E7A4F7556}") = "StrategyPattern", "StrategyPattern\StrategyPattern.csproj", "{006D3A4F-32DE-4F4D-87F3-0D4597444F15}"
EndProject
Project("{FAE04EC0-301F-11D3-BF4B-00C04F79EFBC}") = "DecoratorPattern", "DecoratorPattern\DecoratorPattern.csproj", "{16954CAF-29AF-47D6-B001-79E9C5032205}"
EndProject
Global
	GlobalSection(SolutionConfigurationPlatforms) = preSolution
		Debug|Any CPU = Debug|Any CPU
		Release|Any CPU = Release|Any CPU
	EndGlobalSection
	GlobalSection(ProjectConfigurationPlatforms) = postSolution
		{176DCF05-7420-4FEC-9089-4EB52FCAC5ED}.Debug|Any CPU.ActiveCfg = Debug|Any CPU
		{176DCF05-7420-4FEC-9089-4EB52FCAC5ED}.Debug|Any CPU.Build.0 = Debug|Any CPU
		{176DCF05-7420-4FEC-9089-4EB52FCAC5ED}.Release|Any CPU.ActiveCfg = Release|Any CPU
		{176DCF05-7420-4FEC-9089-4EB52FCAC5ED}.Release|Any CPU.Build.0 = Release|Any CPU
		{7AC8E889-AED6-4B1F-BB6C-9CE46CDD8B8F}.Debug|Any CPU.ActiveCfg = Debug|Any CPU
		{7AC8E889-AED6-4B1F-BB6C-9CE46CDD8B8F}.Debug|Any CPU.Build.0 = Debug|Any CPU
		{7AC8E889-AED6-4B1F-BB6C-9CE46CDD8B8F}.Release|Any CPU.ActiveCfg = Release|Any CPU
		{7AC8E889-AED6-4B1F-BB6C-9CE46CDD8B8F}.Release|Any CPU.Build.0 = Release|Any CPU
		{006D3A4F-32DE-4F4D-87F3-0D4597444F15}.Debug|Any CPU.ActiveCfg = Debug|Any CPU
		{006D3A4F-32DE-4F4D-87F3-0D4597444F15}.Debug|Any CPU.Build.0 = Debug|Any CPU
		{006D3A4F-32DE-4F4D-87F3-0D4597444F15}.Release|Any CPU.ActiveCfg = Release|Any CPU
		{006D3A4F-32DE-4F4D-87F3-0D4597444F15}.Release|Any CPU.Build.0 = Release|Any CPU
		{16954CAF-29AF-47D6-B001-79E9C5032205}.Debug|Any CPU.ActiveCfg = Debug|Any CPU
		{16954CAF-29AF-47D6-B001-79E9C5032205}.Debug|Any CPU.Build.0 = Debug|Any CPU
		{16954CAF-29AF-47D6-B001-79E9C5032205}.Release|Any CPU.ActiveCfg = Release|Any CPU
		{16954CAF-29AF-47D6-B001-79E9C5032205}.Release|Any CPU.Build.0 = Release|Any CPU
	EndGlobalSection
	GlobalSection(SolutionProperties) = preSolution
		HideSolutionNode = FALSE
	EndGlobalSection
	GlobalSection(ExtensibilityGlobals) = postSolution
		SolutionGuid = {6BBD154E-AD16-406E-82F5-BE2373070059}
	EndGlobalSection
EndGlobal
